{
  "name": "geothermal",
  "lockfileVersion": 2,
  "requires": true,
  "packages": {
    "": {
      "dependencies": {
        "flot": "^4.2.3"
      }
    },
    "node_modules/flot": {
      "version": "4.2.3",
      "resolved": "https://registry.npmjs.org/flot/-/flot-4.2.3.tgz",
      "integrity": "sha512-r1t2gfhILE6dt7cnYDHX/D2VHERyD0YoV0UdFJg5dWbjkcu05MugfhNY7VspfBFTa+hjVNYVZw6/t9ZyYNen+w=="
    }
  },
  "dependencies": {
    "flot": {
      "version": "4.2.3",
      "resolved": "https://registry.npmjs.org/flot/-/flot-4.2.3.tgz",
      "integrity": "sha512-r1t2gfhILE6dt7cnYDHX/D2VHERyD0YoV0UdFJg5dWbjkcu05MugfhNY7VspfBFTa+hjVNYVZw6/t9ZyYNen+w=="
    }
  }
}
